// !$*UTF8*$!
{
	archiveVersion = 1;
	classes = {
	};
	objectVersion = 56;
	objects = {

/* Begin PBXBuildFile section */
		E54412572B04465400A8F656 /* AppDelegate.swift in Sources */ = {isa = PBXBuildFile; fileRef = E54412562B04465400A8F656 /* AppDelegate.swift */; };
		E54412592B04465400A8F656 /* SceneDelegate.swift in Sources */ = {isa = PBXBuildFile; fileRef = E54412582B04465400A8F656 /* SceneDelegate.swift */; };
		E544125B2B04465400A8F656 /* FirstViewController.swift in Sources */ = {isa = PBXBuildFile; fileRef = E544125A2B04465400A8F656 /* FirstViewController.swift */; };
		E544125E2B04465400A8F656 /* Main.storyboard in Resources */ = {isa = PBXBuildFile; fileRef = E544125C2B04465400A8F656 /* Main.storyboard */; };
		E54412602B04465700A8F656 /* Assets.xcassets in Resources */ = {isa = PBXBuildFile; fileRef = E544125F2B04465700A8F656 /* Assets.xcassets */; };
		E54412632B04465700A8F656 /* LaunchScreen.storyboard in Resources */ = {isa = PBXBuildFile; fileRef = E54412612B04465700A8F656 /* LaunchScreen.storyboard */; };
		E547FF542B059A7800CADFF0 /* SecondViewController.swift in Sources */ = {isa = PBXBuildFile; fileRef = E547FF532B059A7800CADFF0 /* SecondViewController.swift */; };
		E5BD95E32B044C4500E311E5 /* AnimalSizeModel.swift in Sources */ = {isa = PBXBuildFile; fileRef = E5BD95E22B044C4500E311E5 /* AnimalSizeModel.swift */; };
		E5BD95E52B04600C00E311E5 /* FirstViewModel.swift in Sources */ = {isa = PBXBuildFile; fileRef = E5BD95E42B04600C00E311E5 /* FirstViewModel.swift */; };
		E5BF00702B08FC5700E2EA64 /* AnimalAtributesModel.swift in Sources */ = {isa = PBXBuildFile; fileRef = E5BF006F2B08FC5700E2EA64 /* AnimalAtributesModel.swift */; };
/* End PBXBuildFile section */

/* Begin PBXFileReference section */
		E54412532B04465400A8F656 /* AnimalAge.app */ = {isa = PBXFileReference; explicitFileType = wrapper.application; includeInIndex = 0; path = AnimalAge.app; sourceTree = BUILT_PRODUCTS_DIR; };
		E54412562B04465400A8F656 /* AppDelegate.swift */ = {isa = PBXFileReference; lastKnownFileType = sourcecode.swift; path = AppDelegate.swift; sourceTree = "<group>"; };
		E54412582B04465400A8F656 /* SceneDelegate.swift */ = {isa = PBXFileReference; lastKnownFileType = sourcecode.swift; path = SceneDelegate.swift; sourceTree = "<group>"; };
		E544125A2B04465400A8F656 /* FirstViewController.swift */ = {isa = PBXFileReference; lastKnownFileType = sourcecode.swift; path = FirstViewController.swift; sourceTree = "<group>"; };
		E544125D2B04465400A8F656 /* Base */ = {isa = PBXFileReference; lastKnownFileType = file.storyboard; name = Base; path = Base.lproj/Main.storyboard; sourceTree = "<group>"; };
		E544125F2B04465700A8F656 /* Assets.xcassets */ = {isa = PBXFileReference; lastKnownFileType = folder.assetcatalog; path = Assets.xcassets; sourceTree = "<group>"; };
		E54412622B04465700A8F656 /* Base */ = {isa = PBXFileReference; lastKnownFileType = file.storyboard; name = Base; path = Base.lproj/LaunchScreen.storyboard; sourceTree = "<group>"; };
		E54412642B04465700A8F656 /* Info.plist */ = {isa = PBXFileReference; lastKnownFileType = text.plist.xml; path = Info.plist; sourceTree = "<group>"; };
		E547FF532B059A7800CADFF0 /* SecondViewController.swift */ = {isa = PBXFileReference; lastKnownFileType = sourcecode.swift; path = SecondViewController.swift; sourceTree = "<group>"; };
		E5BD95E22B044C4500E311E5 /* AnimalSizeModel.swift */ = {isa = PBXFileReference; lastKnownFileType = sourcecode.swift; path = AnimalSizeModel.swift; sourceTree = "<group>"; };
		E5BD95E42B04600C00E311E5 /* FirstViewModel.swift */ = {isa = PBXFileReference; lastKnownFileType = sourcecode.swift; path = FirstViewModel.swift; sourceTree = "<group>"; };
		E5BF006F2B08FC5700E2EA64 /* AnimalAtributesModel.swift */ = {isa = PBXFileReference; lastKnownFileType = sourcecode.swift; path = AnimalAtributesModel.swift; sourceTree = "<group>"; };
/* End PBXFileReference section */

/* Begin PBXFrameworksBuildPhase section */
		E54412502B04465400A8F656 /* Frameworks */ = {
			isa = PBXFrameworksBuildPhase;
			buildActionMask = 2147483647;
			files = (
			);
			runOnlyForDeploymentPostprocessing = 0;
		};
/* End PBXFrameworksBuildPhase section */

/* Begin PBXGroup section */
		E544124A2B04465400A8F656 = {
			isa = PBXGroup;
			children = (
				E54412552B04465400A8F656 /* AnimalAge */,
				E54412542B04465400A8F656 /* Products */,
			);
			sourceTree = "<group>";
		};
		E54412542B04465400A8F656 /* Products */ = {
			isa = PBXGroup;
			children = (
				E54412532B04465400A8F656 /* AnimalAge.app */,
			);
			name = Products;
			sourceTree = "<group>";
		};
		E54412552B04465400A8F656 /* AnimalAge */ = {
			isa = PBXGroup;
			children = (
				E5BF004C2B06CBED00E2EA64 /* Model */,
				E5BF004B2B06C92900E2EA64 /* ViewModel */,
				E5BF004A2B06C8FF00E2EA64 /* View */,
				E54412562B04465400A8F656 /* AppDelegate.swift */,
				E54412582B04465400A8F656 /* SceneDelegate.swift */,
				E544125F2B04465700A8F656 /* Assets.xcassets */,
				E54412612B04465700A8F656 /* LaunchScreen.storyboard */,
				E54412642B04465700A8F656 /* Info.plist */,
			);
			path = AnimalAge;
			sourceTree = "<group>";
		};
		E5BF004A2B06C8FF00E2EA64 /* View */ = {
			isa = PBXGroup;
			children = (
				E547FF532B059A7800CADFF0 /* SecondViewController.swift */,
				E544125A2B04465400A8F656 /* FirstViewController.swift */,
				E544125C2B04465400A8F656 /* Main.storyboard */,
			);
			path = View;
			sourceTree = "<group>";
		};
		E5BF004B2B06C92900E2EA64 /* ViewModel */ = {
			isa = PBXGroup;
			children = (
				E5BD95E42B04600C00E311E5 /* FirstViewModel.swift */,
			);
			path = ViewModel;
			sourceTree = "<group>";
		};
		E5BF004C2B06CBED00E2EA64 /* Model */ = {
			isa = PBXGroup;
			children = (
				E5BD95E22B044C4500E311E5 /* AnimalSizeModel.swift */,
				E5BF006F2B08FC5700E2EA64 /* AnimalAtributesModel.swift */,
			);
			path = Model;
			sourceTree = "<group>";
		};
/* End PBXGroup section */

/* Begin PBXNativeTarget section */
		E54412522B04465400A8F656 /* AnimalAge */ = {
			isa = PBXNativeTarget;
			buildConfigurationList = E54412672B04465700A8F656 /* Build configuration list for PBXNativeTarget "AnimalAge" */;
			buildPhases = (
				E544124F2B04465400A8F656 /* Sources */,
				E54412502B04465400A8F656 /* Frameworks */,
				E54412512B04465400A8F656 /* Resources */,
			);
			buildRules = (
			);
			dependencies = (
			);
			name = AnimalAge;
			productName = AnimalAge;
			productReference = E54412532B04465400A8F656 /* AnimalAge.app */;
			productType = "com.apple.product-type.application";
		};
/* End PBXNativeTarget section */

/* Begin PBXProject section */
		E544124B2B04465400A8F656 /* Project object */ = {
			isa = PBXProject;
			attributes = {
				BuildIndependentTargetsInParallel = 1;
				LastSwiftUpdateCheck = 1500;
				LastUpgradeCheck = 1500;
				TargetAttributes = {
					E54412522B04465400A8F656 = {
						CreatedOnToolsVersion = 15.0.1;
					};
				};
			};
			buildConfigurationList = E544124E2B04465400A8F656 /* Build configuration list for PBXProject "AnimalAge" */;
			compatibilityVersion = "Xcode 14.0";
			developmentRegion = en;
			hasScannedForEncodings = 0;
			knownRegions = (
				en,
				Base,
			);
			mainGroup = E544124A2B04465400A8F656;
			productRefGroup = E54412542B04465400A8F656 /* Products */;
			projectDirPath = "";
			projectRoot = "";
			targets = (
				E54412522B04465400A8F656 /* AnimalAge */,
			);
		};
/* End PBXProject section */

/* Begin PBXResourcesBuildPhase section */
		E54412512B04465400A8F656 /* Resources */ = {
			isa = PBXResourcesBuildPhase;
			buildActionMask = 2147483647;
			files = (
				E54412632B04465700A8F656 /* LaunchScreen.storyboard in Resources */,
				E54412602B04465700A8F656 /* Assets.xcassets in Resources */,
				E544125E2B04465400A8F656 /* Main.storyboard in Resources */,
			);
			runOnlyForDeploymentPostprocessing = 0;
		};
/* End PBXResourcesBuildPhase section */

/* Begin PBXSourcesBuildPhase section */
		E544124F2B04465400A8F656 /* Sources */ = {
			isa = PBXSourcesBuildPhase;
			buildActionMask = 2147483647;
			files = (
				E547FF542B059A7800CADFF0 /* SecondViewController.swift in Sources */,
				E544125B2B04465400A8F656 /* FirstViewController.swift in Sources */,
				E5BD95E52B04600C00E311E5 /* FirstViewModel.swift in Sources */,
				E54412572B04465400A8F656 /* AppDelegate.swift in Sources */,
				E5BF00702B08FC5700E2EA64 /* AnimalAtributesModel.swift in Sources */,
				E5BD95E32B044C4500E311E5 /* AnimalSizeModel.swift in Sources */,
				E54412592B04465400A8F656 /* SceneDelegate.swift in Sources */,
			);
			runOnlyForDeploymentPostprocessing = 0;
		};
/* End PBXSourcesBuildPhase section */

/* Begin PBXVariantGroup section */
		E544125C2B04465400A8F656 /* Main.storyboard */ = {
			isa = PBXVariantGroup;
			children = (
				E544125D2B04465400A8F656 /* Base */,
			);
			name = Main.storyboard;
			sourceTree = "<group>";
		};
		E54412612B04465700A8F656 /* LaunchScreen.storyboard */ = {
			isa = PBXVariantGroup;
			children = (
				E54412622B04465700A8F656 /* Base */,
			);
			name = LaunchScreen.storyboard;
			sourceTree = "<group>";
		};
/* End PBXVariantGroup section */

/* Begin XCBuildConfiguration section */
		E54412652B04465700A8F656 /* Debug */ = {
			isa = XCBuildConfiguration;
			buildSettings = {
				ALWAYS_SEARCH_USER_PATHS = NO;
				ASSETCATALOG_COMPILER_GENERATE_SWIFT_ASSET_SYMBOL_EXTENSIONS = YES;
				CLANG_ANALYZER_NONNULL = YES;
				CLANG_ANALYZER_NUMBER_OBJECT_CONVERSION = YES_AGGRESSIVE;
				CLANG_CXX_LANGUAGE_STANDARD = "gnu++20";
				CLANG_ENABLE_MODULES = YES;
				CLANG_ENABLE_OBJC_ARC = YES;
				CLANG_ENABLE_OBJC_WEAK = YES;
				CLANG_WARN_BLOCK_CAPTURE_AUTORELEASING = YES;
				CLANG_WARN_BOOL_CONVERSION = YES;
				CLANG_WARN_COMMA = YES;
				CLANG_WARN_CONSTANT_CONVERSION = YES;
				CLANG_WARN_DEPRECATED_OBJC_IMPLEMENTATIONS = YES;
				CLANG_WARN_DIRECT_OBJC_ISA_USAGE = YES_ERROR;
				CLANG_WARN_DOCUMENTATION_COMMENTS = YES;
				CLANG_WARN_EMPTY_BODY = YES;
				CLANG_WARN_ENUM_CONVERSION = YES;
				CLANG_WARN_INFINITE_RECURSION = YES;
				CLANG_WARN_INT_CONVERSION = YES;
				CLANG_WARN_NON_LITERAL_NULL_CONVERSION = YES;
				CLANG_WARN_OBJC_IMPLICIT_RETAIN_SELF = YES;
				CLANG_WARN_OBJC_LITERAL_CONVERSION = YES;
				CLANG_WARN_OBJC_ROOT_CLASS = YES_ERROR;
				CLANG_WARN_QUOTED_INCLUDE_IN_FRAMEWORK_HEADER = YES;
				CLANG_WARN_RANGE_LOOP_ANALYSIS = YES;
				CLANG_WARN_STRICT_PROTOTYPES = YES;
				CLANG_WARN_SUSPICIOUS_MOVE = YES;
				CLANG_WARN_UNGUARDED_AVAILABILITY = YES_AGGRESSIVE;
				CLANG_WARN_UNREACHABLE_CODE = YES;
				CLANG_WARN__DUPLICATE_METHOD_MATCH = YES;
				COPY_PHASE_STRIP = NO;
				DEBUG_INFORMATION_FORMAT = dwarf;
				ENABLE_STRICT_OBJC_MSGSEND = YES;
				ENABLE_TESTABILITY = YES;
				ENABLE_USER_SCRIPT_SANDBOXING = YES;
				GCC_C_LANGUAGE_STANDARD = gnu17;
				GCC_DYNAMIC_NO_PIC = NO;
				GCC_NO_COMMON_BLOCKS = YES;
				GCC_OPTIMIZATION_LEVEL = 0;
				GCC_PREPROCESSOR_DEFINITIONS = (
					"DEBUG=1",
					"$(inherited)",
				);
				GCC_WARN_64_TO_32_BIT_CONVERSION = YES;
				GCC_WARN_ABOUT_RETURN_TYPE = YES_ERROR;
				GCC_WARN_UNDECLARED_SELECTOR = YES;
				GCC_WARN_UNINITIALIZED_AUTOS = YES_AGGRESSIVE;
				GCC_WARN_UNUSED_FUNCTION = YES;
				GCC_WARN_UNUSED_VARIABLE = YES;
				IPHONEOS_DEPLOYMENT_TARGET = 17.0;
				LOCALIZATION_PREFERS_STRING_CATALOGS = YES;
				MTL_ENABLE_DEBUG_INFO = INCLUDE_SOURCE;
				MTL_FAST_MATH = YES;
				ONLY_ACTIVE_ARCH = YES;
				SDKROOT = iphoneos;
				SWIFT_ACTIVE_COMPILATION_CONDITIONS = "DEBUG $(inherited)";
				SWIFT_OPTIMIZATION_LEVEL = "-Onone";
			};
			name = Debug;
		};
		E54412662B04465700A8F656 /* Release */ = {
			isa = XCBuildConfiguration;
			buildSettings = {
				ALWAYS_SEARCH_USER_PATHS = NO;
				ASSETCATALOG_COMPILER_GENERATE_SWIFT_ASSET_SYMBOL_EXTENSIONS = YES;
				CLANG_ANALYZER_NONNULL = YES;
				CLANG_ANALYZER_NUMBER_OBJECT_CONVERSION = YES_AGGRESSIVE;
				CLANG_CXX_LANGUAGE_STANDARD = "gnu++20";
				CLANG_ENABLE_MODULES = YES;
				CLANG_ENABLE_OBJC_ARC = YES;
				CLANG_ENABLE_OBJC_WEAK = YES;
				CLANG_WARN_BLOCK_CAPTURE_AUTORELEASING = YES;
				CLANG_WARN_BOOL_CONVERSION = YES;
				CLANG_WARN_COMMA = YES;
				CLANG_WARN_CONSTANT_CONVERSION = YES;
				CLANG_WARN_DEPRECATED_OBJC_IMPLEMENTATIONS = YES;
				CLANG_WARN_DIRECT_OBJC_ISA_USAGE = YES_ERROR;
				CLANG_WARN_DOCUMENTATION_COMMENTS = YES;
				CLANG_WARN_EMPTY_BODY = YES;
				CLANG_WARN_ENUM_CONVERSION = YES;
				CLANG_WARN_INFINITE_RECURSION = YES;
				CLANG_WARN_INT_CONVERSION = YES;
				CLANG_WARN_NON_LITERAL_NULL_CONVERSION = YES;
				CLANG_WARN_OBJC_IMPLICIT_RETAIN_SELF = YES;
				CLANG_WARN_OBJC_LITERAL_CONVERSION = YES;
				CLANG_WARN_OBJC_ROOT_CLASS = YES_ERROR;
				CLANG_WARN_QUOTED_INCLUDE_IN_FRAMEWORK_HEADER = YES;
				CLANG_WARN_RANGE_LOOP_ANALYSIS = YES;
				CLANG_WARN_STRICT_PROTOTYPES = YES;
				CLANG_WARN_SUSPICIOUS_MOVE = YES;
				CLANG_WARN_UNGUARDED_AVAILABILITY = YES_AGGRESSIVE;
				CLANG_WARN_UNREACHABLE_CODE = YES;
				CLANG_WARN__DUPLICATE_METHOD_MATCH = YES;
				COPY_PHASE_STRIP = NO;
				DEBUG_INFORMATION_FORMAT = "dwarf-with-dsym";
				ENABLE_NS_ASSERTIONS = NO;
				ENABLE_STRICT_OBJC_MSGSEND = YES;
				ENABLE_USER_SCRIPT_SANDBOXING = YES;
				GCC_C_LANGUAGE_STANDARD = gnu17;
				GCC_NO_COMMON_BLOCKS = YES;
				GCC_WARN_64_TO_32_BIT_CONVERSION = YES;
				GCC_WARN_ABOUT_RETURN_TYPE = YES_ERROR;
				GCC_WARN_UNDECLARED_SELECTOR = YES;
				GCC_WARN_UNINITIALIZED_AUTOS = YES_AGGRESSIVE;
				GCC_WARN_UNUSED_FUNCTION = YES;
				GCC_WARN_UNUSED_VARIABLE = YES;
				IPHONEOS_DEPLOYMENT_TARGET = 17.0;
				LOCALIZATION_PREFERS_STRING_CATALOGS = YES;
				MTL_ENABLE_DEBUG_INFO = NO;
				MTL_FAST_MATH = YES;
				SDKROOT = iphoneos;
				SWIFT_COMPILATION_MODE = wholemodule;
				VALIDATE_PRODUCT = YES;
			};
			name = Release;
		};
		E54412682B04465700A8F656 /* Debug */ = {
			isa = XCBuildConfiguration;
			buildSettings = {
				ASSETCATALOG_COMPILER_APPICON_NAME = AppIcon;
				ASSETCATALOG_COMPILER_GLOBAL_ACCENT_COLOR_NAME = AccentColor;
				CODE_SIGN_STYLE = Automatic;
				CURRENT_PROJECT_VERSION = 1;
				GENERATE_INFOPLIST_FILE = YES;
				INFOPLIST_FILE = AnimalAge/Info.plist;
				INFOPLIST_KEY_UIApplicationSupportsIndirectInputEvents = YES;
				INFOPLIST_KEY_UILaunchStoryboardName = LaunchScreen;
				INFOPLIST_KEY_UIMainStoryboardFile = Main;
				INFOPLIST_KEY_UISupportedInterfaceOrientations_iPad = "UIInterfaceOrientationPortrait UIInterfaceOrientationPortraitUpsideDown UIInterfaceOrientationLandscapeLeft UIInterfaceOrientationLandscapeRight";
				INFOPLIST_KEY_UISupportedInterfaceOrientations_iPhone = "UIInterfaceOrientationPortrait UIInterfaceOrientationLandscapeLeft UIInterfaceOrientationLandscapeRight";
				LD_RUNPATH_SEARCH_PATHS = (
					"$(inherited)",
					"@executable_path/Frameworks",
				);
				MARKETING_VERSION = 1.0;
				PRODUCT_BUNDLE_IDENTIFIER = co.mateusdias.AnimalAge.AnimalAge;
				PRODUCT_NAME = "$(TARGET_NAME)";
				SWIFT_EMIT_LOC_STRINGS = YES;
				SWIFT_VERSION = 5.0;
				TARGETED_DEVICE_FAMILY = "1,2";
			};
			name = Debug;
		};
		E54412692B04465700A8F656 /* Release */ = {
			isa = XCBuildConfiguration;
			buildSettings = {
				ASSETCATALOG_COMPILER_APPICON_NAME = AppIcon;
				ASSETCATALOG_COMPILER_GLOBAL_ACCENT_COLOR_NAME = AccentColor;
				CODE_SIGN_STYLE = Automatic;
				CURRENT_PROJECT_VERSION = 1;
				GENERATE_INFOPLIST_FILE = YES;
				INFOPLIST_FILE = AnimalAge/Info.plist;
				INFOPLIST_KEY_UIApplicationSupportsIndirectInputEvents = YES;
				INFOPLIST_KEY_UILaunchStoryboardName = LaunchScreen;
				INFOPLIST_KEY_UIMainStoryboardFile = Main;
				INFOPLIST_KEY_UISupportedInterfaceOrientations_iPad = "UIInterfaceOrientationPortrait UIInterfaceOrientationPortraitUpsideDown UIInterfaceOrientationLandscapeLeft UIInterfaceOrientationLandscapeRight";
				INFOPLIST_KEY_UISupportedInterfaceOrientations_iPhone = "UIInterfaceOrientationPortrait UIInterfaceOrientationLandscapeLeft UIInterfaceOrientationLandscapeRight";
				LD_RUNPATH_SEARCH_PATHS = (
					"$(inherited)",
					"@executable_path/Frameworks",
				);
				MARKETING_VERSION = 1.0;
				PRODUCT_BUNDLE_IDENTIFIER = co.mateusdias.AnimalAge.AnimalAge;
				PRODUCT_NAME = "$(TARGET_NAME)";
				SWIFT_EMIT_LOC_STRINGS = YES;
				SWIFT_VERSION = 5.0;
				TARGETED_DEVICE_FAMILY = "1,2";
			};
			name = Release;
		};
/* End XCBuildConfiguration section */

/* Begin XCConfigurationList section */
		E544124E2B04465400A8F656 /* Build configuration list for PBXProject "AnimalAge" */ = {
			isa = XCConfigurationList;
			buildConfigurations = (
				E54412652B04465700A8F656 /* Debug */,
				E54412662B04465700A8F656 /* Release */,
			);
			defaultConfigurationIsVisible = 0;
			defaultConfigurationName = Release;
		};
		E54412672B04465700A8F656 /* Build configuration list for PBXNativeTarget "AnimalAge" */ = {
			isa = XCConfigurationList;
			buildConfigurations = (
				E54412682B04465700A8F656 /* Debug */,
				E54412692B04465700A8F656 /* Release */,
			);
			defaultConfigurationIsVisible = 0;
			defaultConfigurationName = Release;
		};
/* End XCConfigurationList section */
	};
	rootObject = E544124B2B04465400A8F656 /* Project object */;
}
